// !$*UTF8*$!
{
	archiveVersion = 1;
	classes = {
	};
	objectVersion = 46;
	objects = {

/* Begin PBXBuildFile section */
		BE8DDCB21D46750200EFA2F1 /* AppDelegate.swift in Sources */ = {isa = PBXBuildFile; fileRef = BE8DDCB11D46750200EFA2F1 /* AppDelegate.swift */; };
		BE8DDCB61D46750200EFA2F1 /* GameScene.swift in Sources */ = {isa = PBXBuildFile; fileRef = BE8DDCB51D46750200EFA2F1 /* GameScene.swift */; };
		BE8DDCB81D46750200EFA2F1 /* GameViewController.swift in Sources */ = {isa = PBXBuildFile; fileRef = BE8DDCB71D46750200EFA2F1 /* GameViewController.swift */; };
		BE8DDCBB1D46750200EFA2F1 /* Main.storyboard in Resources */ = {isa = PBXBuildFile; fileRef = BE8DDCB91D46750200EFA2F1 /* Main.storyboard */; };
		BE8DDCBD1D46750200EFA2F1 /* Images.xcassets in Resources */ = {isa = PBXBuildFile; fileRef = BE8DDCBC1D46750200EFA2F1 /* Images.xcassets */; };
		BE8DDCC01D46750200EFA2F1 /* LaunchScreen.xib in Resources */ = {isa = PBXBuildFile; fileRef = BE8DDCBE1D46750200EFA2F1 /* LaunchScreen.xib */; };
		BE8DDCCC1D46750200EFA2F1 /* SimpleGameTests.swift in Sources */ = {isa = PBXBuildFile; fileRef = BE8DDCCB1D46750200EFA2F1 /* SimpleGameTests.swift */; };
		BE8DDCDA1D46777300EFA2F1 /* background-music-aac.caf in Resources */ = {isa = PBXBuildFile; fileRef = BE8DDCD71D46777300EFA2F1 /* background-music-aac.caf */; };
		BE8DDCDB1D46777300EFA2F1 /* pew-pew-lei.caf in Resources */ = {isa = PBXBuildFile; fileRef = BE8DDCD81D46777300EFA2F1 /* pew-pew-lei.caf */; };
		BE8DDCDC1D46777300EFA2F1 /* sprites.atlas in Resources */ = {isa = PBXBuildFile; fileRef = BE8DDCD91D46777300EFA2F1 /* sprites.atlas */; };
/* End PBXBuildFile section */

/* Begin PBXContainerItemProxy section */
		BE8DDCC61D46750200EFA2F1 /* PBXContainerItemProxy */ = {
			isa = PBXContainerItemProxy;
			containerPortal = BE8DDCA41D46750100EFA2F1 /* Project object */;
			proxyType = 1;
			remoteGlobalIDString = BE8DDCAB1D46750100EFA2F1;
			remoteInfo = SimpleGame;
		};
/* End PBXContainerItemProxy section */

/* Begin PBXFileReference section */
		BE8DDCAC1D46750200EFA2F1 /* SimpleGame.app */ = {isa = PBXFileReference; explicitFileType = wrapper.application; includeInIndex = 0; path = SimpleGame.app; sourceTree = BUILT_PRODUCTS_DIR; };
		BE8DDCB01D46750200EFA2F1 /* Info.plist */ = {isa = PBXFileReference; lastKnownFileType = text.plist.xml; path = Info.plist; sourceTree = "<group>"; };
		BE8DDCB11D46750200EFA2F1 /* AppDelegate.swift */ = {isa = PBXFileReference; lastKnownFileType = sourcecode.swift; path = AppDelegate.swift; sourceTree = "<group>"; };
		BE8DDCB51D46750200EFA2F1 /* GameScene.swift */ = {isa = PBXFileReference; lastKnownFileType = sourcecode.swift; lineEnding = 0; path = GameScene.swift; sourceTree = "<group>"; };
		BE8DDCB71D46750200EFA2F1 /* GameViewController.swift */ = {isa = PBXFileReference; lastKnownFileType = sourcecode.swift; path = GameViewController.swift; sourceTree = "<group>"; };
		BE8DDCBA1D46750200EFA2F1 /* Base */ = {isa = PBXFileReference; lastKnownFileType = file.storyboard; name = Base; path = Base.lproj/Main.storyboard; sourceTree = "<group>"; };
		BE8DDCBC1D46750200EFA2F1 /* Images.xcassets */ = {isa = PBXFileReference; lastKnownFileType = folder.assetcatalog; path = Images.xcassets; sourceTree = "<group>"; };
		BE8DDCBF1D46750200EFA2F1 /* Base */ = {isa = PBXFileReference; lastKnownFileType = file.xib; name = Base; path = Base.lproj/LaunchScreen.xib; sourceTree = "<group>"; };
		BE8DDCC51D46750200EFA2F1 /* SimpleGameTests.xctest */ = {isa = PBXFileReference; explicitFileType = wrapper.cfbundle; includeInIndex = 0; path = SimpleGameTests.xctest; sourceTree = BUILT_PRODUCTS_DIR; };
		BE8DDCCA1D46750200EFA2F1 /* Info.plist */ = {isa = PBXFileReference; lastKnownFileType = text.plist.xml; path = Info.plist; sourceTree = "<group>"; };
		BE8DDCCB1D46750200EFA2F1 /* SimpleGameTests.swift */ = {isa = PBXFileReference; lastKnownFileType = sourcecode.swift; path = SimpleGameTests.swift; sourceTree = "<group>"; };
		BE8DDCD71D46777300EFA2F1 /* background-music-aac.caf */ = {isa = PBXFileReference; lastKnownFileType = file; path = "background-music-aac.caf"; sourceTree = "<group>"; };
		BE8DDCD81D46777300EFA2F1 /* pew-pew-lei.caf */ = {isa = PBXFileReference; lastKnownFileType = file; path = "pew-pew-lei.caf"; sourceTree = "<group>"; };
		BE8DDCD91D46777300EFA2F1 /* sprites.atlas */ = {isa = PBXFileReference; lastKnownFileType = folder.skatlas; path = sprites.atlas; sourceTree = "<group>"; };
/* End PBXFileReference section */

/* Begin PBXFrameworksBuildPhase section */
		BE8DDCA91D46750100EFA2F1 /* Frameworks */ = {
			isa = PBXFrameworksBuildPhase;
			buildActionMask = 2147483647;
			files = (
			);
			runOnlyForDeploymentPostprocessing = 0;
		};
		BE8DDCC21D46750200EFA2F1 /* Frameworks */ = {
			isa = PBXFrameworksBuildPhase;
			buildActionMask = 2147483647;
			files = (
			);
			runOnlyForDeploymentPostprocessing = 0;
		};
/* End PBXFrameworksBuildPhase section */

/* Begin PBXGroup section */
		BE8DDCA31D46750100EFA2F1 = {
			isa = PBXGroup;
			children = (
				BE8DDCD51D46777300EFA2F1 /* SimpleGameResources */,
				BE8DDCAE1D46750200EFA2F1 /* SimpleGame */,
				BE8DDCC81D46750200EFA2F1 /* SimpleGameTests */,
				BE8DDCAD1D46750200EFA2F1 /* Products */,
			);
			sourceTree = "<group>";
		};
		BE8DDCAD1D46750200EFA2F1 /* Products */ = {
			isa = PBXGroup;
			children = (
				BE8DDCAC1D46750200EFA2F1 /* SimpleGame.app */,
				BE8DDCC51D46750200EFA2F1 /* SimpleGameTests.xctest */,
			);
			name = Products;
			sourceTree = "<group>";
		};
		BE8DDCAE1D46750200EFA2F1 /* SimpleGame */ = {
			isa = PBXGroup;
			children = (
				BE8DDCB11D46750200EFA2F1 /* AppDelegate.swift */,
				BE8DDCB51D46750200EFA2F1 /* GameScene.swift */,
				BE8DDCB71D46750200EFA2F1 /* GameViewController.swift */,
				BE8DDCB91D46750200EFA2F1 /* Main.storyboard */,
				BE8DDCBC1D46750200EFA2F1 /* Images.xcassets */,
				BE8DDCBE1D46750200EFA2F1 /* LaunchScreen.xib */,
				BE8DDCAF1D46750200EFA2F1 /* Supporting Files */,
			);
			path = SimpleGame;
			sourceTree = "<group>";
		};
		BE8DDCAF1D46750200EFA2F1 /* Supporting Files */ = {
			isa = PBXGroup;
			children = (
				BE8DDCB01D46750200EFA2F1 /* Info.plist */,
			);
			name = "Supporting Files";
			sourceTree = "<group>";
		};
		BE8DDCC81D46750200EFA2F1 /* SimpleGameTests */ = {
			isa = PBXGroup;
			children = (
				BE8DDCCB1D46750200EFA2F1 /* SimpleGameTests.swift */,
				BE8DDCC91D46750200EFA2F1 /* Supporting Files */,
			);
			path = SimpleGameTests;
			sourceTree = "<group>";
		};
		BE8DDCC91D46750200EFA2F1 /* Supporting Files */ = {
			isa = PBXGroup;
			children = (
				BE8DDCCA1D46750200EFA2F1 /* Info.plist */,
			);
			name = "Supporting Files";
			sourceTree = "<group>";
		};
		BE8DDCD51D46777300EFA2F1 /* SimpleGameResources */ = {
			isa = PBXGroup;
			children = (
				BE8DDCD61D46777300EFA2F1 /* Sounds */,
				BE8DDCD91D46777300EFA2F1 /* sprites.atlas */,
			);
			path = SimpleGameResources;
			sourceTree = "<group>";
		};
		BE8DDCD61D46777300EFA2F1 /* Sounds */ = {
			isa = PBXGroup;
			children = (
				BE8DDCD71D46777300EFA2F1 /* background-music-aac.caf */,
				BE8DDCD81D46777300EFA2F1 /* pew-pew-lei.caf */,
			);
			path = Sounds;
			sourceTree = "<group>";
		};
/* End PBXGroup section */

/* Begin PBXNativeTarget section */
		BE8DDCAB1D46750100EFA2F1 /* SimpleGame */ = {
			isa = PBXNativeTarget;
			buildConfigurationList = BE8DDCCF1D46750200EFA2F1 /* Build configuration list for PBXNativeTarget "SimpleGame" */;
			buildPhases = (
				BE8DDCA81D46750100EFA2F1 /* Sources */,
				BE8DDCA91D46750100EFA2F1 /* Frameworks */,
				BE8DDCAA1D46750100EFA2F1 /* Resources */,
			);
			buildRules = (
			);
			dependencies = (
			);
			name = SimpleGame;
			productName = SimpleGame;
			productReference = BE8DDCAC1D46750200EFA2F1 /* SimpleGame.app */;
			productType = "com.apple.product-type.application";
		};
		BE8DDCC41D46750200EFA2F1 /* SimpleGameTests */ = {
			isa = PBXNativeTarget;
			buildConfigurationList = BE8DDCD21D46750200EFA2F1 /* Build configuration list for PBXNativeTarget "SimpleGameTests" */;
			buildPhases = (
				BE8DDCC11D46750200EFA2F1 /* Sources */,
				BE8DDCC21D46750200EFA2F1 /* Frameworks */,
				BE8DDCC31D46750200EFA2F1 /* Resources */,
			);
			buildRules = (
			);
			dependencies = (
				BE8DDCC71D46750200EFA2F1 /* PBXTargetDependency */,
			);
			name = SimpleGameTests;
			productName = SimpleGameTests;
			productReference = BE8DDCC51D46750200EFA2F1 /* SimpleGameTests.xctest */;
			productType = "com.apple.product-type.bundle.unit-test";
		};
/* End PBXNativeTarget section */

/* Begin PBXProject section */
		BE8DDCA41D46750100EFA2F1 /* Project object */ = {
			isa = PBXProject;
			attributes = {
				LastSwiftMigration = 0730;
				LastSwiftUpdateCheck = 0730;
				LastUpgradeCheck = 0730;
				ORGANIZATIONNAME = "Millan Philipose";
				TargetAttributes = {
					BE8DDCAB1D46750100EFA2F1 = {
						CreatedOnToolsVersion = 6.4;
					};
					BE8DDCC41D46750200EFA2F1 = {
						CreatedOnToolsVersion = 6.4;
						TestTargetID = BE8DDCAB1D46750100EFA2F1;
					};
				};
			};
			buildConfigurationList = BE8DDCA71D46750100EFA2F1 /* Build configuration list for PBXProject "SimpleGame" */;
			compatibilityVersion = "Xcode 3.2";
			developmentRegion = English;
			hasScannedForEncodings = 0;
			knownRegions = (
				en,
				Base,
			);
			mainGroup = BE8DDCA31D46750100EFA2F1;
			productRefGroup = BE8DDCAD1D46750200EFA2F1 /* Products */;
			projectDirPath = "";
			projectRoot = "";
			targets = (
				BE8DDCAB1D46750100EFA2F1 /* SimpleGame */,
				BE8DDCC41D46750200EFA2F1 /* SimpleGameTests */,
			);
		};
/* End PBXProject section */

/* Begin PBXResourcesBuildPhase section */
		BE8DDCAA1D46750100EFA2F1 /* Resources */ = {
			isa = PBXResourcesBuildPhase;
			buildActionMask = 2147483647;
			files = (
				BE8DDCDA1D46777300EFA2F1 /* background-music-aac.caf in Resources */,
				BE8DDCC01D46750200EFA2F1 /* LaunchScreen.xib in Resources */,
				BE8DDCBD1D46750200EFA2F1 /* Images.xcassets in Resources */,
				BE8DDCDB1D46777300EFA2F1 /* pew-pew-lei.caf in Resources */,
				BE8DDCDC1D46777300EFA2F1 /* sprites.atlas in Resources */,
				BE8DDCBB1D46750200EFA2F1 /* Main.storyboard in Resources */,
			);
			runOnlyForDeploymentPostprocessing = 0;
		};
		BE8DDCC31D46750200EFA2F1 /* Resources */ = {
			isa = PBXResourcesBuildPhase;
			buildActionMask = 2147483647;
			files = (
			);
			runOnlyForDeploymentPostprocessing = 0;
		};
/* End PBXResourcesBuildPhase section */

/* Begin PBXSourcesBuildPhase section */
		BE8DDCA81D46750100EFA2F1 /* Sources */ = {
			isa = PBXSourcesBuildPhase;
			buildActionMask = 2147483647;
			files = (
				BE8DDCB61D46750200EFA2F1 /* GameScene.swift in Sources */,
				BE8DDCB81D46750200EFA2F1 /* GameViewController.swift in Sources */,
				BE8DDCB21D46750200EFA2F1 /* AppDelegate.swift in Sources */,
			);
			runOnlyForDeploymentPostprocessing = 0;
		};
		BE8DDCC11D46750200EFA2F1 /* Sources */ = {
			isa = PBXSourcesBuildPhase;
			buildActionMask = 2147483647;
			files = (
				BE8DDCCC1D46750200EFA2F1 /* SimpleGameTests.swift in Sources */,
			);
			runOnlyForDeploymentPostprocessing = 0;
		};
/* End PBXSourcesBuildPhase section */

/* Begin PBXTargetDependency section */
		BE8DDCC71D46750200EFA2F1 /* PBXTargetDependency */ = {
			isa = PBXTargetDependency;
			target = BE8DDCAB1D46750100EFA2F1 /* SimpleGame */;
			targetProxy = BE8DDCC61D46750200EFA2F1 /* PBXContainerItemProxy */;
		};
/* End PBXTargetDependency section */

/* Begin PBXVariantGroup section */
		BE8DDCB91D46750200EFA2F1 /* Main.storyboard */ = {
			isa = PBXVariantGroup;
			children = (
				BE8DDCBA1D46750200EFA2F1 /* Base */,
			);
			name = Main.storyboard;
			sourceTree = "<group>";
		};
		BE8DDCBE1D46750200EFA2F1 /* LaunchScreen.xib */ = {
			isa = PBXVariantGroup;
			children = (
				BE8DDCBF1D46750200EFA2F1 /* Base */,
			);
			name = LaunchScreen.xib;
			sourceTree = "<group>";
		};
/* End PBXVariantGroup section */

/* Begin XCBuildConfiguration section */
		BE8DDCCD1D46750200EFA2F1 /* Debug */ = {
			isa = XCBuildConfiguration;
			buildSettings = {
				ALWAYS_SEARCH_USER_PATHS = NO;
				CLANG_CXX_LANGUAGE_STANDARD = "gnu++0x";
				CLANG_CXX_LIBRARY = "libc++";
				CLANG_ENABLE_MODULES = YES;
				CLANG_ENABLE_OBJC_ARC = YES;
				CLANG_WARN_BOOL_CONVERSION = YES;
				CLANG_WARN_CONSTANT_CONVERSION = YES;
				CLANG_WARN_DIRECT_OBJC_ISA_USAGE = YES_ERROR;
				CLANG_WARN_EMPTY_BODY = YES;
				CLANG_WARN_ENUM_CONVERSION = YES;
				CLANG_WARN_INT_CONVERSION = YES;
				CLANG_WARN_OBJC_ROOT_CLASS = YES_ERROR;
				CLANG_WARN_UNREACHABLE_CODE = YES;
				CLANG_WARN__DUPLICATE_METHOD_MATCH = YES;
				"CODE_SIGN_IDENTITY[sdk=iphoneos*]" = "iPhone Developer";
				COPY_PHASE_STRIP = NO;
				DEBUG_INFORMATION_FORMAT = "dwarf-with-dsym";
				ENABLE_STRICT_OBJC_MSGSEND = YES;
				ENABLE_TESTABILITY = YES;
				GCC_C_LANGUAGE_STANDARD = gnu99;
				GCC_DYNAMIC_NO_PIC = NO;
				GCC_NO_COMMON_BLOCKS = YES;
				GCC_OPTIMIZATION_LEVEL = 0;
				GCC_PREPROCESSOR_DEFINITIONS = (
					"DEBUG=1",
					"$(inherited)",
				);
				GCC_SYMBOLS_PRIVATE_EXTERN = NO;
				GCC_WARN_64_TO_32_BIT_CONVERSION = YES;
				GCC_WARN_ABOUT_RETURN_TYPE = YES_ERROR;
				GCC_WARN_UNDECLARED_SELECTOR = YES;
				GCC_WARN_UNINITIALIZED_AUTOS = YES_AGGRESSIVE;
				GCC_WARN_UNUSED_FUNCTION = YES;
				GCC_WARN_UNUSED_VARIABLE = YES;
				IPHONEOS_DEPLOYMENT_TARGET = 8.4;
				MTL_ENABLE_DEBUG_INFO = YES;
				ONLY_ACTIVE_ARCH = YES;
				SDKROOT = iphoneos;
				SWIFT_OPTIMIZATION_LEVEL = "-Onone";
			};
			name = Debug;
		};
		BE8DDCCE1D46750200EFA2F1 /* Release */ = {
			isa = XCBuildConfiguration;
			buildSettings = {
				ALWAYS_SEARCH_USER_PATHS = NO;
				CLANG_CXX_LANGUAGE_STANDARD = "gnu++0x";
				CLANG_CXX_LIBRARY = "libc++";
				CLANG_ENABLE_MODULES = YES;
				CLANG_ENABLE_OBJC_ARC = YES;
				CLANG_WARN_BOOL_CONVERSION = YES;
				CLANG_WARN_CONSTANT_CONVERSION = YES;
				CLANG_WARN_DIRECT_OBJC_ISA_USAGE = YES_ERROR;
				CLANG_WARN_EMPTY_BODY = YES;
				CLANG_WARN_ENUM_CONVERSION = YES;
				CLANG_WARN_INT_CONVERSION = YES;
				CLANG_WARN_OBJC_ROOT_CLASS = YES_ERROR;
				CLANG_WARN_UNREACHABLE_CODE = YES;
				CLANG_WARN__DUPLICATE_METHOD_MATCH = YES;
				"CODE_SIGN_IDENTITY[sdk=iphoneos*]" = "iPhone Developer";
				COPY_PHASE_STRIP = NO;
				DEBUG_INFORMATION_FORMAT = "dwarf-with-dsym";
				ENABLE_NS_ASSERTIONS = NO;
				ENABLE_STRICT_OBJC_MSGSEND = YES;
				GCC_C_LANGUAGE_STANDARD = gnu99;
				GCC_NO_COMMON_BLOCKS = YES;
				GCC_WARN_64_TO_32_BIT_CONVERSION = YES;
				GCC_WARN_ABOUT_RETURN_TYPE = YES_ERROR;
				GCC_WARN_UNDECLARED_SELECTOR = YES;
				GCC_WARN_UNINITIALIZED_AUTOS = YES_AGGRESSIVE;
				GCC_WARN_UNUSED_FUNCTION = YES;
				GCC_WARN_UNUSED_VARIABLE = YES;
				IPHONEOS_DEPLOYMENT_TARGET = 8.4;
				MTL_ENABLE_DEBUG_INFO = NO;
				SDKROOT = iphoneos;
				VALIDATE_PRODUCT = YES;
			};
			name = Release;
		};
		BE8DDCD01D46750200EFA2F1 /* Debug */ = {
			isa = XCBuildConfiguration;
			buildSettings = {
				ASSETCATALOG_COMPILER_APPICON_NAME = AppIcon;
				INFOPLIST_FILE = SimpleGame/Info.plist;
				LD_RUNPATH_SEARCH_PATHS = "$(inherited) @executable_path/Frameworks";
				PRODUCT_BUNDLE_IDENTIFIER = "Millanmakes.$(PRODUCT_NAME:rfc1034identifier)";
				PRODUCT_NAME = "$(TARGET_NAME)";
			};
			name = Debug;
		};
		BE8DDCD11D46750200EFA2F1 /* Release */ = {
			isa = XCBuildConfiguration;
			buildSettings = {
				ASSETCATALOG_COMPILER_APPICON_NAME = AppIcon;
				INFOPLIST_FILE = SimpleGame/Info.plist;
				LD_RUNPATH_SEARCH_PATHS = "$(inherited) @executable_path/Frameworks";
				PRODUCT_BUNDLE_IDENTIFIER = "Millanmakes.$(PRODUCT_NAME:rfc1034identifier)";
				PRODUCT_NAME = "$(TARGET_NAME)";
			};
			name = Release;
		};
		BE8DDCD31D46750200EFA2F1 /* Debug */ = {
			isa = XCBuildConfiguration;
			buildSettings = {
				BUNDLE_LOADER = "$(TEST_HOST)";
				FRAMEWORK_SEARCH_PATHS = (
					"$(SDKROOT)/Developer/Library/Frameworks",
					"$(inherited)",
				);
				GCC_PREPROCESSOR_DEFINITIONS = (
					"DEBUG=1",
					"$(inherited)",
				);
				INFOPLIST_FILE = SimpleGameTests/Info.plist;
				LD_RUNPATH_SEARCH_PATHS = "$(inherited) @executable_path/Frameworks @loader_path/Frameworks";
				PRODUCT_BUNDLE_IDENTIFIER = "Millanmakes.$(PRODUCT_NAME:rfc1034identifier)";
				PRODUCT_NAME = "$(TARGET_NAME)";
				TEST_HOST = "$(BUILT_PRODUCTS_DIR)/SimpleGame.app/SimpleGame";
			};
			name = Debug;
		};
		BE8DDCD41D46750200EFA2F1 /* Release */ = {
			isa = XCBuildConfiguration;
			buildSettings = {
				BUNDLE_LOADER = "$(TEST_HOST)";
				FRAMEWORK_SEARCH_PATHS = (
					"$(SDKROOT)/Developer/Library/Frameworks",
					"$(inherited)",
				);
				INFOPLIST_FILE = SimpleGameTests/Info.plist;
				LD_RUNPATH_SEARCH_PATHS = "$(inherited) @executable_path/Frameworks @loader_path/Frameworks";
				PRODUCT_BUNDLE_IDENTIFIER = "Millanmakes.$(PRODUCT_NAME:rfc1034identifier)";
				PRODUCT_NAME = "$(TARGET_NAME)";
				TEST_HOST = "$(BUILT_PRODUCTS_DIR)/SimpleGame.app/SimpleGame";
			};
			name = Release;
		};
/* End XCBuildConfiguration section */

/* Begin XCConfigurationList section */
		BE8DDCA71D46750100EFA2F1 /* Build configuration list for PBXProject "SimpleGame" */ = {
			isa = XCConfigurationList;
			buildConfigurations = (
				BE8DDCCD1D46750200EFA2F1 /* Debug */,
				BE8DDCCE1D46750200EFA2F1 /* Release */,
			);
			defaultConfigurationIsVisible = 0;
			defaultConfigurationName = Release;
		};
		BE8DDCCF1D46750200EFA2F1 /* Build configuration list for PBXNativeTarget "SimpleGame" */ = {
			isa = XCConfigurationList;
			buildConfigurations = (
				BE8DDCD01D46750200EFA2F1 /* Debug */,
				BE8DDCD11D46750200EFA2F1 /* Release */,
			);
			defaultConfigurationIsVisible = 0;
			defaultConfigurationName = Release;
		};
		BE8DDCD21D46750200EFA2F1 /* Build configuration list for PBXNativeTarget "SimpleGameTests" */ = {
			isa = XCConfigurationList;
			buildConfigurations = (
				BE8DDCD31D46750200EFA2F1 /* Debug */,
				BE8DDCD41D46750200EFA2F1 /* Release */,
			);
			defaultConfigurationIsVisible = 0;
			defaultConfigurationName = Release;
		};
/* End XCConfigurationList section */
	};
	rootObject = BE8DDCA41D46750100EFA2F1 /* Project object */;
}
